{
  "pins" : [
    {
      "identity" : "cryptoswift",
      "kind" : "remoteSourceControl",
      "location" : "https://github.com/abdur-rehman-hatio/CryptoSwift",
      "state" : {
        "branch" : "main",
        "revision" : "d27a23cfc28f8a3fd926e2eb094ccf37788df1fb"
      }
    }
  ],
  "version" : 2
}
